
Microsoft Visual Studio Solution File, Format Version 12.00
# Visual Studio Version 17
VisualStudioVersion = 17.14.36518.9
MinimumVisualStudioVersion = 10.0.40219.1
Project("{8BC9CEB8-8B4A-11D0-8D11-00A0C91BC942}") = "СПР521_CPlusPlusOOP", "СПР521_CPlusPlusOOP\СПР521_CPlusPlusOOP.vcxproj", "{538209A5-8977-4CF7-9C65-1CED428850FF}"
EndProject
Project("{8BC9CEB8-8B4A-11D0-8D11-00A0C91BC942}") = "02_ConstructorDestructor", "02_ConstructorDestructor\02_ConstructorDestructor.vcxproj", "{69BE431C-DE9A-40F0-80E4-5ED41D6220B7}"
EndProject
Project("{8BC9CEB8-8B4A-11D0-8D11-00A0C91BC942}") = "03_CopyConstryctor", "03_CopyConstryctor\03_CopyConstryctor.vcxproj", "{BDE7A65A-B86D-4FD3-B977-386CBA59BB7C}"
EndProject
Project("{8BC9CEB8-8B4A-11D0-8D11-00A0C91BC942}") = "04_DelegationConstructors", "04_DelegationConstructors\04_DelegationConstructors.vcxproj", "{40F4FBCA-0061-4190-B183-4D5CE872A1B9}"
EndProject
Project("{8BC9CEB8-8B4A-11D0-8D11-00A0C91BC942}") = "05_ConstMethod", "05_ConstMethod\05_ConstMethod.vcxproj", "{48CE69F6-442F-4095-B139-1E97A5C3CD1B}"
EndProject
Project("{8BC9CEB8-8B4A-11D0-8D11-00A0C91BC942}") = "06_Explicit", "06_Explicit\06_Explicit.vcxproj", "{3ED4CF16-F257-4BBA-8D8A-5DFD6091EE6D}"
EndProject
Project("{8BC9CEB8-8B4A-11D0-8D11-00A0C91BC942}") = "07_OverloadOperators", "07_OverloadOperators\07_OverloadOperators.vcxproj", "{4B995D15-4904-4F6C-AB80-23CE7A57A1FD}"
EndProject
Project("{8BC9CEB8-8B4A-11D0-8D11-00A0C91BC942}") = "08_Overload()[]", "08_Overload()[]\08_Overload()[].vcxproj", "{33325503-087C-4923-ACF6-58EC785881BF}"
EndProject
Project("{8BC9CEB8-8B4A-11D0-8D11-00A0C91BC942}") = "09_OverloadTypes", "09_OverloadTypes\09_OverloadTypes.vcxproj", "{69812B8B-7D10-425D-9D55-CC10C880C83D}"
EndProject
Project("{8BC9CEB8-8B4A-11D0-8D11-00A0C91BC942}") = "10_TemplateClass", "10_TemplateClass\10_TemplateClass.vcxproj", "{D5634F4F-5A50-4C8C-AF41-A64459A1A8ED}"
EndProject
Project("{8BC9CEB8-8B4A-11D0-8D11-00A0C91BC942}") = "11_InitializerList", "11_InitializerList\11_InitializerList.vcxproj", "{93FC97F4-4C3F-4813-A007-7E85EE0D730D}"
EndProject
Project("{8BC9CEB8-8B4A-11D0-8D11-00A0C91BC942}") = "12_Stack", "12_Stack\12_Stack.vcxproj", "{71B6ED63-CE2D-4C97-A049-88906C01F136}"
EndProject
Project("{8BC9CEB8-8B4A-11D0-8D11-00A0C91BC942}") = "13_Queue", "13_Queue\13_Queue.vcxproj", "{DDD3380B-A45F-440D-8130-994798A15DF8}"
EndProject
Project("{8BC9CEB8-8B4A-11D0-8D11-00A0C91BC942}") = "14_QueueWithPriority", "14_QueueWithPriority\14_QueueWithPriority.vcxproj", "{84528D94-3F22-497A-A4DD-B4839D257677}"
EndProject
Project("{8BC9CEB8-8B4A-11D0-8D11-00A0C91BC942}") = "15_SingleLinkedList", "15_SingleLinkedList\15_SingleLinkedList.vcxproj", "{6C5E51CC-6D96-48DE-8F05-45D78FB2B253}"
EndProject
Project("{8BC9CEB8-8B4A-11D0-8D11-00A0C91BC942}") = "16_DoubleLinkedList", "16_DoubleLinkedList\16_DoubleLinkedList.vcxproj", "{D28D26FD-05F3-4ABA-B2B2-1C6FA3CD997B}"
EndProject
Project("{8BC9CEB8-8B4A-11D0-8D11-00A0C91BC942}") = "17_Inheritance", "17_Inheritance\17_Inheritance.vcxproj", "{27AFB870-A21B-41D8-981F-65E5FAC422D5}"
EndProject
Global
	GlobalSection(SolutionConfigurationPlatforms) = preSolution
		Debug|x64 = Debug|x64
		Debug|x86 = Debug|x86
		Release|x64 = Release|x64
		Release|x86 = Release|x86
	EndGlobalSection
	GlobalSection(ProjectConfigurationPlatforms) = postSolution
		{538209A5-8977-4CF7-9C65-1CED428850FF}.Debug|x64.ActiveCfg = Debug|x64
		{538209A5-8977-4CF7-9C65-1CED428850FF}.Debug|x64.Build.0 = Debug|x64
		{538209A5-8977-4CF7-9C65-1CED428850FF}.Debug|x86.ActiveCfg = Debug|Win32
		{538209A5-8977-4CF7-9C65-1CED428850FF}.Debug|x86.Build.0 = Debug|Win32
		{538209A5-8977-4CF7-9C65-1CED428850FF}.Release|x64.ActiveCfg = Release|x64
		{538209A5-8977-4CF7-9C65-1CED428850FF}.Release|x64.Build.0 = Release|x64
		{538209A5-8977-4CF7-9C65-1CED428850FF}.Release|x86.ActiveCfg = Release|Win32
		{538209A5-8977-4CF7-9C65-1CED428850FF}.Release|x86.Build.0 = Release|Win32
		{69BE431C-DE9A-40F0-80E4-5ED41D6220B7}.Debug|x64.ActiveCfg = Debug|x64
		{69BE431C-DE9A-40F0-80E4-5ED41D6220B7}.Debug|x64.Build.0 = Debug|x64
		{69BE431C-DE9A-40F0-80E4-5ED41D6220B7}.Debug|x86.ActiveCfg = Debug|Win32
		{69BE431C-DE9A-40F0-80E4-5ED41D6220B7}.Debug|x86.Build.0 = Debug|Win32
		{69BE431C-DE9A-40F0-80E4-5ED41D6220B7}.Release|x64.ActiveCfg = Release|x64
		{69BE431C-DE9A-40F0-80E4-5ED41D6220B7}.Release|x64.Build.0 = Release|x64
		{69BE431C-DE9A-40F0-80E4-5ED41D6220B7}.Release|x86.ActiveCfg = Release|Win32
		{69BE431C-DE9A-40F0-80E4-5ED41D6220B7}.Release|x86.Build.0 = Release|Win32
		{BDE7A65A-B86D-4FD3-B977-386CBA59BB7C}.Debug|x64.ActiveCfg = Debug|x64
		{BDE7A65A-B86D-4FD3-B977-386CBA59BB7C}.Debug|x64.Build.0 = Debug|x64
		{BDE7A65A-B86D-4FD3-B977-386CBA59BB7C}.Debug|x86.ActiveCfg = Debug|Win32
		{BDE7A65A-B86D-4FD3-B977-386CBA59BB7C}.Debug|x86.Build.0 = Debug|Win32
		{BDE7A65A-B86D-4FD3-B977-386CBA59BB7C}.Release|x64.ActiveCfg = Release|x64
		{BDE7A65A-B86D-4FD3-B977-386CBA59BB7C}.Release|x64.Build.0 = Release|x64
		{BDE7A65A-B86D-4FD3-B977-386CBA59BB7C}.Release|x86.ActiveCfg = Release|Win32
		{BDE7A65A-B86D-4FD3-B977-386CBA59BB7C}.Release|x86.Build.0 = Release|Win32
		{40F4FBCA-0061-4190-B183-4D5CE872A1B9}.Debug|x64.ActiveCfg = Debug|x64
		{40F4FBCA-0061-4190-B183-4D5CE872A1B9}.Debug|x64.Build.0 = Debug|x64
		{40F4FBCA-0061-4190-B183-4D5CE872A1B9}.Debug|x86.ActiveCfg = Debug|Win32
		{40F4FBCA-0061-4190-B183-4D5CE872A1B9}.Debug|x86.Build.0 = Debug|Win32
		{40F4FBCA-0061-4190-B183-4D5CE872A1B9}.Release|x64.ActiveCfg = Release|x64
		{40F4FBCA-0061-4190-B183-4D5CE872A1B9}.Release|x64.Build.0 = Release|x64
		{40F4FBCA-0061-4190-B183-4D5CE872A1B9}.Release|x86.ActiveCfg = Release|Win32
		{40F4FBCA-0061-4190-B183-4D5CE872A1B9}.Release|x86.Build.0 = Release|Win32
		{48CE69F6-442F-4095-B139-1E97A5C3CD1B}.Debug|x64.ActiveCfg = Debug|x64
		{48CE69F6-442F-4095-B139-1E97A5C3CD1B}.Debug|x64.Build.0 = Debug|x64
		{48CE69F6-442F-4095-B139-1E97A5C3CD1B}.Debug|x86.ActiveCfg = Debug|Win32
		{48CE69F6-442F-4095-B139-1E97A5C3CD1B}.Debug|x86.Build.0 = Debug|Win32
		{48CE69F6-442F-4095-B139-1E97A5C3CD1B}.Release|x64.ActiveCfg = Release|x64
		{48CE69F6-442F-4095-B139-1E97A5C3CD1B}.Release|x64.Build.0 = Release|x64
		{48CE69F6-442F-4095-B139-1E97A5C3CD1B}.Release|x86.ActiveCfg = Release|Win32
		{48CE69F6-442F-4095-B139-1E97A5C3CD1B}.Release|x86.Build.0 = Release|Win32
		{3ED4CF16-F257-4BBA-8D8A-5DFD6091EE6D}.Debug|x64.ActiveCfg = Debug|x64
		{3ED4CF16-F257-4BBA-8D8A-5DFD6091EE6D}.Debug|x64.Build.0 = Debug|x64
		{3ED4CF16-F257-4BBA-8D8A-5DFD6091EE6D}.Debug|x86.ActiveCfg = Debug|Win32
		{3ED4CF16-F257-4BBA-8D8A-5DFD6091EE6D}.Debug|x86.Build.0 = Debug|Win32
		{3ED4CF16-F257-4BBA-8D8A-5DFD6091EE6D}.Release|x64.ActiveCfg = Release|x64
		{3ED4CF16-F257-4BBA-8D8A-5DFD6091EE6D}.Release|x64.Build.0 = Release|x64
		{3ED4CF16-F257-4BBA-8D8A-5DFD6091EE6D}.Release|x86.ActiveCfg = Release|Win32
		{3ED4CF16-F257-4BBA-8D8A-5DFD6091EE6D}.Release|x86.Build.0 = Release|Win32
		{4B995D15-4904-4F6C-AB80-23CE7A57A1FD}.Debug|x64.ActiveCfg = Debug|x64
		{4B995D15-4904-4F6C-AB80-23CE7A57A1FD}.Debug|x64.Build.0 = Debug|x64
		{4B995D15-4904-4F6C-AB80-23CE7A57A1FD}.Debug|x86.ActiveCfg = Debug|Win32
		{4B995D15-4904-4F6C-AB80-23CE7A57A1FD}.Debug|x86.Build.0 = Debug|Win32
		{4B995D15-4904-4F6C-AB80-23CE7A57A1FD}.Release|x64.ActiveCfg = Release|x64
		{4B995D15-4904-4F6C-AB80-23CE7A57A1FD}.Release|x64.Build.0 = Release|x64
		{4B995D15-4904-4F6C-AB80-23CE7A57A1FD}.Release|x86.ActiveCfg = Release|Win32
		{4B995D15-4904-4F6C-AB80-23CE7A57A1FD}.Release|x86.Build.0 = Release|Win32
		{33325503-087C-4923-ACF6-58EC785881BF}.Debug|x64.ActiveCfg = Debug|x64
		{33325503-087C-4923-ACF6-58EC785881BF}.Debug|x64.Build.0 = Debug|x64
		{33325503-087C-4923-ACF6-58EC785881BF}.Debug|x86.ActiveCfg = Debug|Win32
		{33325503-087C-4923-ACF6-58EC785881BF}.Debug|x86.Build.0 = Debug|Win32
		{33325503-087C-4923-ACF6-58EC785881BF}.Release|x64.ActiveCfg = Release|x64
		{33325503-087C-4923-ACF6-58EC785881BF}.Release|x64.Build.0 = Release|x64
		{33325503-087C-4923-ACF6-58EC785881BF}.Release|x86.ActiveCfg = Release|Win32
		{33325503-087C-4923-ACF6-58EC785881BF}.Release|x86.Build.0 = Release|Win32
		{69812B8B-7D10-425D-9D55-CC10C880C83D}.Debug|x64.ActiveCfg = Debug|x64
		{69812B8B-7D10-425D-9D55-CC10C880C83D}.Debug|x64.Build.0 = Debug|x64
		{69812B8B-7D10-425D-9D55-CC10C880C83D}.Debug|x86.ActiveCfg = Debug|Win32
		{69812B8B-7D10-425D-9D55-CC10C880C83D}.Debug|x86.Build.0 = Debug|Win32
		{69812B8B-7D10-425D-9D55-CC10C880C83D}.Release|x64.ActiveCfg = Release|x64
		{69812B8B-7D10-425D-9D55-CC10C880C83D}.Release|x64.Build.0 = Release|x64
		{69812B8B-7D10-425D-9D55-CC10C880C83D}.Release|x86.ActiveCfg = Release|Win32
		{69812B8B-7D10-425D-9D55-CC10C880C83D}.Release|x86.Build.0 = Release|Win32
		{D5634F4F-5A50-4C8C-AF41-A64459A1A8ED}.Debug|x64.ActiveCfg = Debug|x64
		{D5634F4F-5A50-4C8C-AF41-A64459A1A8ED}.Debug|x64.Build.0 = Debug|x64
		{D5634F4F-5A50-4C8C-AF41-A64459A1A8ED}.Debug|x86.ActiveCfg = Debug|Win32
		{D5634F4F-5A50-4C8C-AF41-A64459A1A8ED}.Debug|x86.Build.0 = Debug|Win32
		{D5634F4F-5A50-4C8C-AF41-A64459A1A8ED}.Release|x64.ActiveCfg = Release|x64
		{D5634F4F-5A50-4C8C-AF41-A64459A1A8ED}.Release|x64.Build.0 = Release|x64
		{D5634F4F-5A50-4C8C-AF41-A64459A1A8ED}.Release|x86.ActiveCfg = Release|Win32
		{D5634F4F-5A50-4C8C-AF41-A64459A1A8ED}.Release|x86.Build.0 = Release|Win32
		{93FC97F4-4C3F-4813-A007-7E85EE0D730D}.Debug|x64.ActiveCfg = Debug|x64
		{93FC97F4-4C3F-4813-A007-7E85EE0D730D}.Debug|x64.Build.0 = Debug|x64
		{93FC97F4-4C3F-4813-A007-7E85EE0D730D}.Debug|x86.ActiveCfg = Debug|Win32
		{93FC97F4-4C3F-4813-A007-7E85EE0D730D}.Debug|x86.Build.0 = Debug|Win32
		{93FC97F4-4C3F-4813-A007-7E85EE0D730D}.Release|x64.ActiveCfg = Release|x64
		{93FC97F4-4C3F-4813-A007-7E85EE0D730D}.Release|x64.Build.0 = Release|x64
		{93FC97F4-4C3F-4813-A007-7E85EE0D730D}.Release|x86.ActiveCfg = Release|Win32
		{93FC97F4-4C3F-4813-A007-7E85EE0D730D}.Release|x86.Build.0 = Release|Win32
		{71B6ED63-CE2D-4C97-A049-88906C01F136}.Debug|x64.ActiveCfg = Debug|x64
		{71B6ED63-CE2D-4C97-A049-88906C01F136}.Debug|x64.Build.0 = Debug|x64
		{71B6ED63-CE2D-4C97-A049-88906C01F136}.Debug|x86.ActiveCfg = Debug|Win32
		{71B6ED63-CE2D-4C97-A049-88906C01F136}.Debug|x86.Build.0 = Debug|Win32
		{71B6ED63-CE2D-4C97-A049-88906C01F136}.Release|x64.ActiveCfg = Release|x64
		{71B6ED63-CE2D-4C97-A049-88906C01F136}.Release|x64.Build.0 = Release|x64
		{71B6ED63-CE2D-4C97-A049-88906C01F136}.Release|x86.ActiveCfg = Release|Win32
		{71B6ED63-CE2D-4C97-A049-88906C01F136}.Release|x86.Build.0 = Release|Win32
		{DDD3380B-A45F-440D-8130-994798A15DF8}.Debug|x64.ActiveCfg = Debug|x64
		{DDD3380B-A45F-440D-8130-994798A15DF8}.Debug|x64.Build.0 = Debug|x64
		{DDD3380B-A45F-440D-8130-994798A15DF8}.Debug|x86.ActiveCfg = Debug|Win32
		{DDD3380B-A45F-440D-8130-994798A15DF8}.Debug|x86.Build.0 = Debug|Win32
		{DDD3380B-A45F-440D-8130-994798A15DF8}.Release|x64.ActiveCfg = Release|x64
		{DDD3380B-A45F-440D-8130-994798A15DF8}.Release|x64.Build.0 = Release|x64
		{DDD3380B-A45F-440D-8130-994798A15DF8}.Release|x86.ActiveCfg = Release|Win32
		{DDD3380B-A45F-440D-8130-994798A15DF8}.Release|x86.Build.0 = Release|Win32
		{84528D94-3F22-497A-A4DD-B4839D257677}.Debug|x64.ActiveCfg = Debug|x64
		{84528D94-3F22-497A-A4DD-B4839D257677}.Debug|x64.Build.0 = Debug|x64
		{84528D94-3F22-497A-A4DD-B4839D257677}.Debug|x86.ActiveCfg = Debug|Win32
		{84528D94-3F22-497A-A4DD-B4839D257677}.Debug|x86.Build.0 = Debug|Win32
		{84528D94-3F22-497A-A4DD-B4839D257677}.Release|x64.ActiveCfg = Release|x64
		{84528D94-3F22-497A-A4DD-B4839D257677}.Release|x64.Build.0 = Release|x64
		{84528D94-3F22-497A-A4DD-B4839D257677}.Release|x86.ActiveCfg = Release|Win32
		{84528D94-3F22-497A-A4DD-B4839D257677}.Release|x86.Build.0 = Release|Win32
		{6C5E51CC-6D96-48DE-8F05-45D78FB2B253}.Debug|x64.ActiveCfg = Debug|x64
		{6C5E51CC-6D96-48DE-8F05-45D78FB2B253}.Debug|x64.Build.0 = Debug|x64
		{6C5E51CC-6D96-48DE-8F05-45D78FB2B253}.Debug|x86.ActiveCfg = Debug|Win32
		{6C5E51CC-6D96-48DE-8F05-45D78FB2B253}.Debug|x86.Build.0 = Debug|Win32
		{6C5E51CC-6D96-48DE-8F05-45D78FB2B253}.Release|x64.ActiveCfg = Release|x64
		{6C5E51CC-6D96-48DE-8F05-45D78FB2B253}.Release|x64.Build.0 = Release|x64
		{6C5E51CC-6D96-48DE-8F05-45D78FB2B253}.Release|x86.ActiveCfg = Release|Win32
		{6C5E51CC-6D96-48DE-8F05-45D78FB2B253}.Release|x86.Build.0 = Release|Win32
		{D28D26FD-05F3-4ABA-B2B2-1C6FA3CD997B}.Debug|x64.ActiveCfg = Debug|x64
		{D28D26FD-05F3-4ABA-B2B2-1C6FA3CD997B}.Debug|x64.Build.0 = Debug|x64
		{D28D26FD-05F3-4ABA-B2B2-1C6FA3CD997B}.Debug|x86.ActiveCfg = Debug|Win32
		{D28D26FD-05F3-4ABA-B2B2-1C6FA3CD997B}.Debug|x86.Build.0 = Debug|Win32
		{D28D26FD-05F3-4ABA-B2B2-1C6FA3CD997B}.Release|x64.ActiveCfg = Release|x64
		{D28D26FD-05F3-4ABA-B2B2-1C6FA3CD997B}.Release|x64.Build.0 = Release|x64
		{D28D26FD-05F3-4ABA-B2B2-1C6FA3CD997B}.Release|x86.ActiveCfg = Release|Win32
		{D28D26FD-05F3-4ABA-B2B2-1C6FA3CD997B}.Release|x86.Build.0 = Release|Win32
		{27AFB870-A21B-41D8-981F-65E5FAC422D5}.Debug|x64.ActiveCfg = Debug|x64
		{27AFB870-A21B-41D8-981F-65E5FAC422D5}.Debug|x64.Build.0 = Debug|x64
		{27AFB870-A21B-41D8-981F-65E5FAC422D5}.Debug|x86.ActiveCfg = Debug|Win32
		{27AFB870-A21B-41D8-981F-65E5FAC422D5}.Debug|x86.Build.0 = Debug|Win32
		{27AFB870-A21B-41D8-981F-65E5FAC422D5}.Release|x64.ActiveCfg = Release|x64
		{27AFB870-A21B-41D8-981F-65E5FAC422D5}.Release|x64.Build.0 = Release|x64
		{27AFB870-A21B-41D8-981F-65E5FAC422D5}.Release|x86.ActiveCfg = Release|Win32
		{27AFB870-A21B-41D8-981F-65E5FAC422D5}.Release|x86.Build.0 = Release|Win32
	EndGlobalSection
	GlobalSection(SolutionProperties) = preSolution
		HideSolutionNode = FALSE
	EndGlobalSection
	GlobalSection(ExtensibilityGlobals) = postSolution
		SolutionGuid = {59134271-AA7B-4A51-B0CA-10E65C1F27F0}
	EndGlobalSection
EndGlobal
